// !$*UTF8*$!
{
	archiveVersion = 1;
	classes = {
	};
	objectVersion = 55;
	objects = {

/* Begin PBXBuildFile section */
		01CB648B28A4818C000D2364 /* AppDelegate.swift in Sources */ = {isa = PBXBuildFile; fileRef = 01CB648A28A4818C000D2364 /* AppDelegate.swift */; };
		01CB648D28A4818C000D2364 /* SceneDelegate.swift in Sources */ = {isa = PBXBuildFile; fileRef = 01CB648C28A4818C000D2364 /* SceneDelegate.swift */; };
		01CB648F28A4818C000D2364 /* ViewController.swift in Sources */ = {isa = PBXBuildFile; fileRef = 01CB648E28A4818C000D2364 /* ViewController.swift */; };
		01CB649228A4818C000D2364 /* Main.storyboard in Resources */ = {isa = PBXBuildFile; fileRef = 01CB649028A4818C000D2364 /* Main.storyboard */; };
		01CB649428A4818D000D2364 /* Assets.xcassets in Resources */ = {isa = PBXBuildFile; fileRef = 01CB649328A4818D000D2364 /* Assets.xcassets */; };
		01CB649728A4818D000D2364 /* LaunchScreen.storyboard in Resources */ = {isa = PBXBuildFile; fileRef = 01CB649528A4818D000D2364 /* LaunchScreen.storyboard */; };
		01CB64A028A48250000D2364 /* Lottie in Frameworks */ = {isa = PBXBuildFile; productRef = 01CB649F28A48250000D2364 /* Lottie */; };
		01CB64A428A483C4000D2364 /* 115478-webdesign-support.json in Resources */ = {isa = PBXBuildFile; fileRef = 01CB64A328A483C4000D2364 /* 115478-webdesign-support.json */; };
		01CB64A628A4840B000D2364 /* 115472-business-man-winner-with-trophy.json in Resources */ = {isa = PBXBuildFile; fileRef = 01CB64A528A4840B000D2364 /* 115472-business-man-winner-with-trophy.json */; };
		01CB64A828A48568000D2364 /* ContentView.swift in Sources */ = {isa = PBXBuildFile; fileRef = 01CB64A728A48568000D2364 /* ContentView.swift */; };
/* End PBXBuildFile section */

/* Begin PBXFileReference section */
		01CB648728A4818C000D2364 /* lottie-animations.app */ = {isa = PBXFileReference; explicitFileType = wrapper.application; includeInIndex = 0; path = "lottie-animations.app"; sourceTree = BUILT_PRODUCTS_DIR; };
		01CB648A28A4818C000D2364 /* AppDelegate.swift */ = {isa = PBXFileReference; lastKnownFileType = sourcecode.swift; path = AppDelegate.swift; sourceTree = "<group>"; };
		01CB648C28A4818C000D2364 /* SceneDelegate.swift */ = {isa = PBXFileReference; lastKnownFileType = sourcecode.swift; path = SceneDelegate.swift; sourceTree = "<group>"; };
		01CB648E28A4818C000D2364 /* ViewController.swift */ = {isa = PBXFileReference; lastKnownFileType = sourcecode.swift; path = ViewController.swift; sourceTree = "<group>"; };
		01CB649128A4818C000D2364 /* Base */ = {isa = PBXFileReference; lastKnownFileType = file.storyboard; name = Base; path = Base.lproj/Main.storyboard; sourceTree = "<group>"; };
		01CB649328A4818D000D2364 /* Assets.xcassets */ = {isa = PBXFileReference; lastKnownFileType = folder.assetcatalog; path = Assets.xcassets; sourceTree = "<group>"; };
		01CB649628A4818D000D2364 /* Base */ = {isa = PBXFileReference; lastKnownFileType = file.storyboard; name = Base; path = Base.lproj/LaunchScreen.storyboard; sourceTree = "<group>"; };
		01CB649828A4818D000D2364 /* Info.plist */ = {isa = PBXFileReference; lastKnownFileType = text.plist.xml; path = Info.plist; sourceTree = "<group>"; };
		01CB64A328A483C4000D2364 /* 115478-webdesign-support.json */ = {isa = PBXFileReference; fileEncoding = 4; lastKnownFileType = text.json; path = "115478-webdesign-support.json"; sourceTree = "<group>"; };
		01CB64A528A4840B000D2364 /* 115472-business-man-winner-with-trophy.json */ = {isa = PBXFileReference; fileEncoding = 4; lastKnownFileType = text.json; path = "115472-business-man-winner-with-trophy.json"; sourceTree = "<group>"; };
		01CB64A728A48568000D2364 /* ContentView.swift */ = {isa = PBXFileReference; lastKnownFileType = sourcecode.swift; path = ContentView.swift; sourceTree = "<group>"; };
/* End PBXFileReference section */

/* Begin PBXFrameworksBuildPhase section */
		01CB648428A4818C000D2364 /* Frameworks */ = {
			isa = PBXFrameworksBuildPhase;
			buildActionMask = 2147483647;
			files = (
				01CB64A028A48250000D2364 /* Lottie in Frameworks */,
			);
			runOnlyForDeploymentPostprocessing = 0;
		};
/* End PBXFrameworksBuildPhase section */

/* Begin PBXGroup section */
		01CB647E28A4818C000D2364 = {
			isa = PBXGroup;
			children = (
				01CB648928A4818C000D2364 /* lottie-animations */,
				01CB648828A4818C000D2364 /* Products */,
			);
			sourceTree = "<group>";
		};
		01CB648828A4818C000D2364 /* Products */ = {
			isa = PBXGroup;
			children = (
				01CB648728A4818C000D2364 /* lottie-animations.app */,
			);
			name = Products;
			sourceTree = "<group>";
		};
		01CB648928A4818C000D2364 /* lottie-animations */ = {
			isa = PBXGroup;
			children = (
				01CB648A28A4818C000D2364 /* AppDelegate.swift */,
				01CB648C28A4818C000D2364 /* SceneDelegate.swift */,
				01CB648E28A4818C000D2364 /* ViewController.swift */,
				01CB64A728A48568000D2364 /* ContentView.swift */,
				01CB649028A4818C000D2364 /* Main.storyboard */,
				01CB649328A4818D000D2364 /* Assets.xcassets */,
				01CB649528A4818D000D2364 /* LaunchScreen.storyboard */,
				01CB64A328A483C4000D2364 /* 115478-webdesign-support.json */,
				01CB64A528A4840B000D2364 /* 115472-business-man-winner-with-trophy.json */,
				01CB649828A4818D000D2364 /* Info.plist */,
			);
			path = "lottie-animations";
			sourceTree = "<group>";
		};
/* End PBXGroup section */

/* Begin PBXNativeTarget section */
		01CB648628A4818C000D2364 /* lottie-animations */ = {
			isa = PBXNativeTarget;
			buildConfigurationList = 01CB649B28A4818D000D2364 /* Build configuration list for PBXNativeTarget "lottie-animations" */;
			buildPhases = (
				01CB648328A4818C000D2364 /* Sources */,
				01CB648428A4818C000D2364 /* Frameworks */,
				01CB648528A4818C000D2364 /* Resources */,
			);
			buildRules = (
			);
			dependencies = (
			);
			name = "lottie-animations";
			packageProductDependencies = (
				01CB649F28A48250000D2364 /* Lottie */,
			);
			productName = "lottie-animations";
			productReference = 01CB648728A4818C000D2364 /* lottie-animations.app */;
			productType = "com.apple.product-type.application";
		};
/* End PBXNativeTarget section */

/* Begin PBXProject section */
		01CB647F28A4818C000D2364 /* Project object */ = {
			isa = PBXProject;
			attributes = {
				BuildIndependentTargetsInParallel = 1;
				LastSwiftUpdateCheck = 1340;
				LastUpgradeCheck = 1340;
				TargetAttributes = {
					01CB648628A4818C000D2364 = {
						CreatedOnToolsVersion = 13.4.1;
					};
				};
			};
			buildConfigurationList = 01CB648228A4818C000D2364 /* Build configuration list for PBXProject "lottie-animations" */;
			compatibilityVersion = "Xcode 13.0";
			developmentRegion = en;
			hasScannedForEncodings = 0;
			knownRegions = (
				en,
				Base,
			);
			mainGroup = 01CB647E28A4818C000D2364;
			packageReferences = (
				01CB649E28A48250000D2364 /* XCRemoteSwiftPackageReference "lottie-ios" */,
			);
			productRefGroup = 01CB648828A4818C000D2364 /* Products */;
			projectDirPath = "";
			projectRoot = "";
			targets = (
				01CB648628A4818C000D2364 /* lottie-animations */,
			);
		};
/* End PBXProject section */

/* Begin PBXResourcesBuildPhase section */
		01CB648528A4818C000D2364 /* Resources */ = {
			isa = PBXResourcesBuildPhase;
			buildActionMask = 2147483647;
			files = (
				01CB649728A4818D000D2364 /* LaunchScreen.storyboard in Resources */,
				01CB64A428A483C4000D2364 /* 115478-webdesign-support.json in Resources */,
				01CB64A628A4840B000D2364 /* 115472-business-man-winner-with-trophy.json in Resources */,
				01CB649428A4818D000D2364 /* Assets.xcassets in Resources */,
				01CB649228A4818C000D2364 /* Main.storyboard in Resources */,
			);
			runOnlyForDeploymentPostprocessing = 0;
		};
/* End PBXResourcesBuildPhase section */

/* Begin PBXSourcesBuildPhase section */
		01CB648328A4818C000D2364 /* Sources */ = {
			isa = PBXSourcesBuildPhase;
			buildActionMask = 2147483647;
			files = (
				01CB648F28A4818C000D2364 /* ViewController.swift in Sources */,
				01CB648B28A4818C000D2364 /* AppDelegate.swift in Sources */,
				01CB64A828A48568000D2364 /* ContentView.swift in Sources */,
				01CB648D28A4818C000D2364 /* SceneDelegate.swift in Sources */,
			);
			runOnlyForDeploymentPostprocessing = 0;
		};
/* End PBXSourcesBuildPhase section */

/* Begin PBXVariantGroup section */
		01CB649028A4818C000D2364 /* Main.storyboard */ = {
			isa = PBXVariantGroup;
			children = (
				01CB649128A4818C000D2364 /* Base */,
			);
			name = Main.storyboard;
			sourceTree = "<group>";
		};
		01CB649528A4818D000D2364 /* LaunchScreen.storyboard */ = {
			isa = PBXVariantGroup;
			children = (
				01CB649628A4818D000D2364 /* Base */,
			);
			name = LaunchScreen.storyboard;
			sourceTree = "<group>";
		};
/* End PBXVariantGroup section */

/* Begin XCBuildConfiguration section */
		01CB649928A4818D000D2364 /* Debug */ = {
			isa = XCBuildConfiguration;
			buildSettings = {
				ALWAYS_SEARCH_USER_PATHS = NO;
				CLANG_ANALYZER_NONNULL = YES;
				CLANG_ANALYZER_NUMBER_OBJECT_CONVERSION = YES_AGGRESSIVE;
				CLANG_CXX_LANGUAGE_STANDARD = "gnu++17";
				CLANG_ENABLE_MODULES = YES;
				CLANG_ENABLE_OBJC_ARC = YES;
				CLANG_ENABLE_OBJC_WEAK = YES;
				CLANG_WARN_BLOCK_CAPTURE_AUTORELEASING = YES;
				CLANG_WARN_BOOL_CONVERSION = YES;
				CLANG_WARN_COMMA = YES;
				CLANG_WARN_CONSTANT_CONVERSION = YES;
				CLANG_WARN_DEPRECATED_OBJC_IMPLEMENTATIONS = YES;
				CLANG_WARN_DIRECT_OBJC_ISA_USAGE = YES_ERROR;
				CLANG_WARN_DOCUMENTATION_COMMENTS = YES;
				CLANG_WARN_EMPTY_BODY = YES;
				CLANG_WARN_ENUM_CONVERSION = YES;
				CLANG_WARN_INFINITE_RECURSION = YES;
				CLANG_WARN_INT_CONVERSION = YES;
				CLANG_WARN_NON_LITERAL_NULL_CONVERSION = YES;
				CLANG_WARN_OBJC_IMPLICIT_RETAIN_SELF = YES;
				CLANG_WARN_OBJC_LITERAL_CONVERSION = YES;
				CLANG_WARN_OBJC_ROOT_CLASS = YES_ERROR;
				CLANG_WARN_QUOTED_INCLUDE_IN_FRAMEWORK_HEADER = YES;
				CLANG_WARN_RANGE_LOOP_ANALYSIS = YES;
				CLANG_WARN_STRICT_PROTOTYPES = YES;
				CLANG_WARN_SUSPICIOUS_MOVE = YES;
				CLANG_WARN_UNGUARDED_AVAILABILITY = YES_AGGRESSIVE;
				CLANG_WARN_UNREACHABLE_CODE = YES;
				CLANG_WARN__DUPLICATE_METHOD_MATCH = YES;
				COPY_PHASE_STRIP = NO;
				DEBUG_INFORMATION_FORMAT = dwarf;
				ENABLE_STRICT_OBJC_MSGSEND = YES;
				ENABLE_TESTABILITY = YES;
				GCC_C_LANGUAGE_STANDARD = gnu11;
				GCC_DYNAMIC_NO_PIC = NO;
				GCC_NO_COMMON_BLOCKS = YES;
				GCC_OPTIMIZATION_LEVEL = 0;
				GCC_PREPROCESSOR_DEFINITIONS = (
					"DEBUG=1",
					"$(inherited)",
				);
				GCC_WARN_64_TO_32_BIT_CONVERSION = YES;
				GCC_WARN_ABOUT_RETURN_TYPE = YES_ERROR;
				GCC_WARN_UNDECLARED_SELECTOR = YES;
				GCC_WARN_UNINITIALIZED_AUTOS = YES_AGGRESSIVE;
				GCC_WARN_UNUSED_FUNCTION = YES;
				GCC_WARN_UNUSED_VARIABLE = YES;
				IPHONEOS_DEPLOYMENT_TARGET = 15.5;
				MTL_ENABLE_DEBUG_INFO = INCLUDE_SOURCE;
				MTL_FAST_MATH = YES;
				ONLY_ACTIVE_ARCH = YES;
				SDKROOT = iphoneos;
				SWIFT_ACTIVE_COMPILATION_CONDITIONS = DEBUG;
				SWIFT_OPTIMIZATION_LEVEL = "-Onone";
			};
			name = Debug;
		};
		01CB649A28A4818D000D2364 /* Release */ = {
			isa = XCBuildConfiguration;
			buildSettings = {
				ALWAYS_SEARCH_USER_PATHS = NO;
				CLANG_ANALYZER_NONNULL = YES;
				CLANG_ANALYZER_NUMBER_OBJECT_CONVERSION = YES_AGGRESSIVE;
				CLANG_CXX_LANGUAGE_STANDARD = "gnu++17";
				CLANG_ENABLE_MODULES = YES;
				CLANG_ENABLE_OBJC_ARC = YES;
				CLANG_ENABLE_OBJC_WEAK = YES;
				CLANG_WARN_BLOCK_CAPTURE_AUTORELEASING = YES;
				CLANG_WARN_BOOL_CONVERSION = YES;
				CLANG_WARN_COMMA = YES;
				CLANG_WARN_CONSTANT_CONVERSION = YES;
				CLANG_WARN_DEPRECATED_OBJC_IMPLEMENTATIONS = YES;
				CLANG_WARN_DIRECT_OBJC_ISA_USAGE = YES_ERROR;
				CLANG_WARN_DOCUMENTATION_COMMENTS = YES;
				CLANG_WARN_EMPTY_BODY = YES;
				CLANG_WARN_ENUM_CONVERSION = YES;
				CLANG_WARN_INFINITE_RECURSION = YES;
				CLANG_WARN_INT_CONVERSION = YES;
				CLANG_WARN_NON_LITERAL_NULL_CONVERSION = YES;
				CLANG_WARN_OBJC_IMPLICIT_RETAIN_SELF = YES;
				CLANG_WARN_OBJC_LITERAL_CONVERSION = YES;
				CLANG_WARN_OBJC_ROOT_CLASS = YES_ERROR;
				CLANG_WARN_QUOTED_INCLUDE_IN_FRAMEWORK_HEADER = YES;
				CLANG_WARN_RANGE_LOOP_ANALYSIS = YES;
				CLANG_WARN_STRICT_PROTOTYPES = YES;
				CLANG_WARN_SUSPICIOUS_MOVE = YES;
				CLANG_WARN_UNGUARDED_AVAILABILITY = YES_AGGRESSIVE;
				CLANG_WARN_UNREACHABLE_CODE = YES;
				CLANG_WARN__DUPLICATE_METHOD_MATCH = YES;
				COPY_PHASE_STRIP = NO;
				DEBUG_INFORMATION_FORMAT = "dwarf-with-dsym";
				ENABLE_NS_ASSERTIONS = NO;
				ENABLE_STRICT_OBJC_MSGSEND = YES;
				GCC_C_LANGUAGE_STANDARD = gnu11;
				GCC_NO_COMMON_BLOCKS = YES;
				GCC_WARN_64_TO_32_BIT_CONVERSION = YES;
				GCC_WARN_ABOUT_RETURN_TYPE = YES_ERROR;
				GCC_WARN_UNDECLARED_SELECTOR = YES;
				GCC_WARN_UNINITIALIZED_AUTOS = YES_AGGRESSIVE;
				GCC_WARN_UNUSED_FUNCTION = YES;
				GCC_WARN_UNUSED_VARIABLE = YES;
				IPHONEOS_DEPLOYMENT_TARGET = 15.5;
				MTL_ENABLE_DEBUG_INFO = NO;
				MTL_FAST_MATH = YES;
				SDKROOT = iphoneos;
				SWIFT_COMPILATION_MODE = wholemodule;
				SWIFT_OPTIMIZATION_LEVEL = "-O";
				VALIDATE_PRODUCT = YES;
			};
			name = Release;
		};
		01CB649C28A4818D000D2364 /* Debug */ = {
			isa = XCBuildConfiguration;
			buildSettings = {
				ASSETCATALOG_COMPILER_APPICON_NAME = AppIcon;
				ASSETCATALOG_COMPILER_GLOBAL_ACCENT_COLOR_NAME = AccentColor;
				CODE_SIGN_STYLE = Automatic;
				CURRENT_PROJECT_VERSION = 1;
				DEVELOPMENT_TEAM = PTRW36GG78;
				GENERATE_INFOPLIST_FILE = YES;
				INFOPLIST_FILE = "lottie-animations/Info.plist";
				INFOPLIST_KEY_UIApplicationSupportsIndirectInputEvents = YES;
				INFOPLIST_KEY_UILaunchStoryboardName = LaunchScreen;
				INFOPLIST_KEY_UIMainStoryboardFile = Main;
				INFOPLIST_KEY_UISupportedInterfaceOrientations_iPad = "UIInterfaceOrientationPortrait UIInterfaceOrientationPortraitUpsideDown UIInterfaceOrientationLandscapeLeft UIInterfaceOrientationLandscapeRight";
				INFOPLIST_KEY_UISupportedInterfaceOrientations_iPhone = "UIInterfaceOrientationPortrait UIInterfaceOrientationLandscapeLeft UIInterfaceOrientationLandscapeRight";
				LD_RUNPATH_SEARCH_PATHS = (
					"$(inherited)",
					"@executable_path/Frameworks",
				);
				MARKETING_VERSION = 1.0;
				PRODUCT_BUNDLE_IDENTIFIER = "com.Andrew11US.lottie-animations";
				PRODUCT_NAME = "$(TARGET_NAME)";
				SWIFT_EMIT_LOC_STRINGS = YES;
				SWIFT_VERSION = 5.0;
				TARGETED_DEVICE_FAMILY = "1,2";
			};
			name = Debug;
		};
		01CB649D28A4818D000D2364 /* Release */ = {
			isa = XCBuildConfiguration;
			buildSettings = {
				ASSETCATALOG_COMPILER_APPICON_NAME = AppIcon;
				ASSETCATALOG_COMPILER_GLOBAL_ACCENT_COLOR_NAME = AccentColor;
				CODE_SIGN_STYLE = Automatic;
				CURRENT_PROJECT_VERSION = 1;
				DEVELOPMENT_TEAM = PTRW36GG78;
				GENERATE_INFOPLIST_FILE = YES;
				INFOPLIST_FILE = "lottie-animations/Info.plist";
				INFOPLIST_KEY_UIApplicationSupportsIndirectInputEvents = YES;
				INFOPLIST_KEY_UILaunchStoryboardName = LaunchScreen;
				INFOPLIST_KEY_UIMainStoryboardFile = Main;
				INFOPLIST_KEY_UISupportedInterfaceOrientations_iPad = "UIInterfaceOrientationPortrait UIInterfaceOrientationPortraitUpsideDown UIInterfaceOrientationLandscapeLeft UIInterfaceOrientationLandscapeRight";
				INFOPLIST_KEY_UISupportedInterfaceOrientations_iPhone = "UIInterfaceOrientationPortrait UIInterfaceOrientationLandscapeLeft UIInterfaceOrientationLandscapeRight";
				LD_RUNPATH_SEARCH_PATHS = (
					"$(inherited)",
					"@executable_path/Frameworks",
				);
				MARKETING_VERSION = 1.0;
				PRODUCT_BUNDLE_IDENTIFIER = "com.Andrew11US.lottie-animations";
				PRODUCT_NAME = "$(TARGET_NAME)";
				SWIFT_EMIT_LOC_STRINGS = YES;
				SWIFT_VERSION = 5.0;
				TARGETED_DEVICE_FAMILY = "1,2";
			};
			name = Release;
		};
/* End XCBuildConfiguration section */

/* Begin XCConfigurationList section */
		01CB648228A4818C000D2364 /* Build configuration list for PBXProject "lottie-animations" */ = {
			isa = XCConfigurationList;
			buildConfigurations = (
				01CB649928A4818D000D2364 /* Debug */,
				01CB649A28A4818D000D2364 /* Release */,
			);
			defaultConfigurationIsVisible = 0;
			defaultConfigurationName = Release;
		};
		01CB649B28A4818D000D2364 /* Build configuration list for PBXNativeTarget "lottie-animations" */ = {
			isa = XCConfigurationList;
			buildConfigurations = (
				01CB649C28A4818D000D2364 /* Debug */,
				01CB649D28A4818D000D2364 /* Release */,
			);
			defaultConfigurationIsVisible = 0;
			defaultConfigurationName = Release;
		};
/* End XCConfigurationList section */

/* Begin XCRemoteSwiftPackageReference section */
		01CB649E28A48250000D2364 /* XCRemoteSwiftPackageReference "lottie-ios" */ = {
			isa = XCRemoteSwiftPackageReference;
			repositoryURL = "https://github.com/airbnb/lottie-ios.git";
			requirement = {
				kind = upToNextMajorVersion;
				minimumVersion = 3.0.0;
			};
		};
/* End XCRemoteSwiftPackageReference section */

/* Begin XCSwiftPackageProductDependency section */
		01CB649F28A48250000D2364 /* Lottie */ = {
			isa = XCSwiftPackageProductDependency;
			package = 01CB649E28A48250000D2364 /* XCRemoteSwiftPackageReference "lottie-ios" */;
			productName = Lottie;
		};
/* End XCSwiftPackageProductDependency section */
	};
	rootObject = 01CB647F28A4818C000D2364 /* Project object */;
}
