// !$*UTF8*$!
{
	archiveVersion = 1;
	classes = {
	};
	objectVersion = 56;
	objects = {

/* Begin PBXBuildFile section */
		016AAB3D2A85D74500EEFE0F /* AppDelegate.swift in Sources */ = {isa = PBXBuildFile; fileRef = 016AAB3C2A85D74500EEFE0F /* AppDelegate.swift */; };
		016AAB3F2A85D74500EEFE0F /* SceneDelegate.swift in Sources */ = {isa = PBXBuildFile; fileRef = 016AAB3E2A85D74500EEFE0F /* SceneDelegate.swift */; };
		016AAB412A85D74500EEFE0F /* ViewController.swift in Sources */ = {isa = PBXBuildFile; fileRef = 016AAB402A85D74500EEFE0F /* ViewController.swift */; };
		016AAB442A85D74500EEFE0F /* Main.storyboard in Resources */ = {isa = PBXBuildFile; fileRef = 016AAB422A85D74500EEFE0F /* Main.storyboard */; };
		016AAB462A85D74600EEFE0F /* Assets.xcassets in Resources */ = {isa = PBXBuildFile; fileRef = 016AAB452A85D74600EEFE0F /* Assets.xcassets */; };
		016AAB492A85D74600EEFE0F /* LaunchScreen.storyboard in Resources */ = {isa = PBXBuildFile; fileRef = 016AAB472A85D74600EEFE0F /* LaunchScreen.storyboard */; };
		016AAB512A85D7B700EEFE0F /* tutorial-list.plist in Resources */ = {isa = PBXBuildFile; fileRef = 016AAB502A85D7B700EEFE0F /* tutorial-list.plist */; };
/* End PBXBuildFile section */

/* Begin PBXFileReference section */
		016AAB392A85D74500EEFE0F /* property-list.app */ = {isa = PBXFileReference; explicitFileType = wrapper.application; includeInIndex = 0; path = "property-list.app"; sourceTree = BUILT_PRODUCTS_DIR; };
		016AAB3C2A85D74500EEFE0F /* AppDelegate.swift */ = {isa = PBXFileReference; lastKnownFileType = sourcecode.swift; path = AppDelegate.swift; sourceTree = "<group>"; };
		016AAB3E2A85D74500EEFE0F /* SceneDelegate.swift */ = {isa = PBXFileReference; lastKnownFileType = sourcecode.swift; path = SceneDelegate.swift; sourceTree = "<group>"; };
		016AAB402A85D74500EEFE0F /* ViewController.swift */ = {isa = PBXFileReference; lastKnownFileType = sourcecode.swift; path = ViewController.swift; sourceTree = "<group>"; };
		016AAB432A85D74500EEFE0F /* Base */ = {isa = PBXFileReference; lastKnownFileType = file.storyboard; name = Base; path = Base.lproj/Main.storyboard; sourceTree = "<group>"; };
		016AAB452A85D74600EEFE0F /* Assets.xcassets */ = {isa = PBXFileReference; lastKnownFileType = folder.assetcatalog; path = Assets.xcassets; sourceTree = "<group>"; };
		016AAB482A85D74600EEFE0F /* Base */ = {isa = PBXFileReference; lastKnownFileType = file.storyboard; name = Base; path = Base.lproj/LaunchScreen.storyboard; sourceTree = "<group>"; };
		016AAB4A2A85D74600EEFE0F /* Info.plist */ = {isa = PBXFileReference; lastKnownFileType = text.plist.xml; path = Info.plist; sourceTree = "<group>"; };
		016AAB502A85D7B700EEFE0F /* tutorial-list.plist */ = {isa = PBXFileReference; lastKnownFileType = text.plist.xml; path = "tutorial-list.plist"; sourceTree = "<group>"; };
/* End PBXFileReference section */

/* Begin PBXFrameworksBuildPhase section */
		016AAB362A85D74500EEFE0F /* Frameworks */ = {
			isa = PBXFrameworksBuildPhase;
			buildActionMask = 2147483647;
			files = (
			);
			runOnlyForDeploymentPostprocessing = 0;
		};
/* End PBXFrameworksBuildPhase section */

/* Begin PBXGroup section */
		016AAB302A85D74500EEFE0F = {
			isa = PBXGroup;
			children = (
				016AAB3B2A85D74500EEFE0F /* property-list */,
				016AAB3A2A85D74500EEFE0F /* Products */,
			);
			sourceTree = "<group>";
		};
		016AAB3A2A85D74500EEFE0F /* Products */ = {
			isa = PBXGroup;
			children = (
				016AAB392A85D74500EEFE0F /* property-list.app */,
			);
			name = Products;
			sourceTree = "<group>";
		};
		016AAB3B2A85D74500EEFE0F /* property-list */ = {
			isa = PBXGroup;
			children = (
				016AAB3C2A85D74500EEFE0F /* AppDelegate.swift */,
				016AAB3E2A85D74500EEFE0F /* SceneDelegate.swift */,
				016AAB402A85D74500EEFE0F /* ViewController.swift */,
				016AAB422A85D74500EEFE0F /* Main.storyboard */,
				016AAB472A85D74600EEFE0F /* LaunchScreen.storyboard */,
				016AAB452A85D74600EEFE0F /* Assets.xcassets */,
				016AAB502A85D7B700EEFE0F /* tutorial-list.plist */,
				016AAB4A2A85D74600EEFE0F /* Info.plist */,
			);
			path = "property-list";
			sourceTree = "<group>";
		};
/* End PBXGroup section */

/* Begin PBXNativeTarget section */
		016AAB382A85D74500EEFE0F /* property-list */ = {
			isa = PBXNativeTarget;
			buildConfigurationList = 016AAB4D2A85D74600EEFE0F /* Build configuration list for PBXNativeTarget "property-list" */;
			buildPhases = (
				016AAB352A85D74500EEFE0F /* Sources */,
				016AAB362A85D74500EEFE0F /* Frameworks */,
				016AAB372A85D74500EEFE0F /* Resources */,
			);
			buildRules = (
			);
			dependencies = (
			);
			name = "property-list";
			productName = "property-list";
			productReference = 016AAB392A85D74500EEFE0F /* property-list.app */;
			productType = "com.apple.product-type.application";
		};
/* End PBXNativeTarget section */

/* Begin PBXProject section */
		016AAB312A85D74500EEFE0F /* Project object */ = {
			isa = PBXProject;
			attributes = {
				BuildIndependentTargetsInParallel = 1;
				LastSwiftUpdateCheck = 1430;
				LastUpgradeCheck = 1430;
				TargetAttributes = {
					016AAB382A85D74500EEFE0F = {
						CreatedOnToolsVersion = 14.3.1;
					};
				};
			};
			buildConfigurationList = 016AAB342A85D74500EEFE0F /* Build configuration list for PBXProject "property-list" */;
			compatibilityVersion = "Xcode 14.0";
			developmentRegion = en;
			hasScannedForEncodings = 0;
			knownRegions = (
				en,
				Base,
			);
			mainGroup = 016AAB302A85D74500EEFE0F;
			productRefGroup = 016AAB3A2A85D74500EEFE0F /* Products */;
			projectDirPath = "";
			projectRoot = "";
			targets = (
				016AAB382A85D74500EEFE0F /* property-list */,
			);
		};
/* End PBXProject section */

/* Begin PBXResourcesBuildPhase section */
		016AAB372A85D74500EEFE0F /* Resources */ = {
			isa = PBXResourcesBuildPhase;
			buildActionMask = 2147483647;
			files = (
				016AAB492A85D74600EEFE0F /* LaunchScreen.storyboard in Resources */,
				016AAB462A85D74600EEFE0F /* Assets.xcassets in Resources */,
				016AAB512A85D7B700EEFE0F /* tutorial-list.plist in Resources */,
				016AAB442A85D74500EEFE0F /* Main.storyboard in Resources */,
			);
			runOnlyForDeploymentPostprocessing = 0;
		};
/* End PBXResourcesBuildPhase section */

/* Begin PBXSourcesBuildPhase section */
		016AAB352A85D74500EEFE0F /* Sources */ = {
			isa = PBXSourcesBuildPhase;
			buildActionMask = 2147483647;
			files = (
				016AAB412A85D74500EEFE0F /* ViewController.swift in Sources */,
				016AAB3D2A85D74500EEFE0F /* AppDelegate.swift in Sources */,
				016AAB3F2A85D74500EEFE0F /* SceneDelegate.swift in Sources */,
			);
			runOnlyForDeploymentPostprocessing = 0;
		};
/* End PBXSourcesBuildPhase section */

/* Begin PBXVariantGroup section */
		016AAB422A85D74500EEFE0F /* Main.storyboard */ = {
			isa = PBXVariantGroup;
			children = (
				016AAB432A85D74500EEFE0F /* Base */,
			);
			name = Main.storyboard;
			sourceTree = "<group>";
		};
		016AAB472A85D74600EEFE0F /* LaunchScreen.storyboard */ = {
			isa = PBXVariantGroup;
			children = (
				016AAB482A85D74600EEFE0F /* Base */,
			);
			name = LaunchScreen.storyboard;
			sourceTree = "<group>";
		};
/* End PBXVariantGroup section */

/* Begin XCBuildConfiguration section */
		016AAB4B2A85D74600EEFE0F /* Debug */ = {
			isa = XCBuildConfiguration;
			buildSettings = {
				ALWAYS_SEARCH_USER_PATHS = NO;
				CLANG_ANALYZER_NONNULL = YES;
				CLANG_ANALYZER_NUMBER_OBJECT_CONVERSION = YES_AGGRESSIVE;
				CLANG_CXX_LANGUAGE_STANDARD = "gnu++20";
				CLANG_ENABLE_MODULES = YES;
				CLANG_ENABLE_OBJC_ARC = YES;
				CLANG_ENABLE_OBJC_WEAK = YES;
				CLANG_WARN_BLOCK_CAPTURE_AUTORELEASING = YES;
				CLANG_WARN_BOOL_CONVERSION = YES;
				CLANG_WARN_COMMA = YES;
				CLANG_WARN_CONSTANT_CONVERSION = YES;
				CLANG_WARN_DEPRECATED_OBJC_IMPLEMENTATIONS = YES;
				CLANG_WARN_DIRECT_OBJC_ISA_USAGE = YES_ERROR;
				CLANG_WARN_DOCUMENTATION_COMMENTS = YES;
				CLANG_WARN_EMPTY_BODY = YES;
				CLANG_WARN_ENUM_CONVERSION = YES;
				CLANG_WARN_INFINITE_RECURSION = YES;
				CLANG_WARN_INT_CONVERSION = YES;
				CLANG_WARN_NON_LITERAL_NULL_CONVERSION = YES;
				CLANG_WARN_OBJC_IMPLICIT_RETAIN_SELF = YES;
				CLANG_WARN_OBJC_LITERAL_CONVERSION = YES;
				CLANG_WARN_OBJC_ROOT_CLASS = YES_ERROR;
				CLANG_WARN_QUOTED_INCLUDE_IN_FRAMEWORK_HEADER = YES;
				CLANG_WARN_RANGE_LOOP_ANALYSIS = YES;
				CLANG_WARN_STRICT_PROTOTYPES = YES;
				CLANG_WARN_SUSPICIOUS_MOVE = YES;
				CLANG_WARN_UNGUARDED_AVAILABILITY = YES_AGGRESSIVE;
				CLANG_WARN_UNREACHABLE_CODE = YES;
				CLANG_WARN__DUPLICATE_METHOD_MATCH = YES;
				COPY_PHASE_STRIP = NO;
				DEBUG_INFORMATION_FORMAT = dwarf;
				ENABLE_STRICT_OBJC_MSGSEND = YES;
				ENABLE_TESTABILITY = YES;
				GCC_C_LANGUAGE_STANDARD = gnu11;
				GCC_DYNAMIC_NO_PIC = NO;
				GCC_NO_COMMON_BLOCKS = YES;
				GCC_OPTIMIZATION_LEVEL = 0;
				GCC_PREPROCESSOR_DEFINITIONS = (
					"DEBUG=1",
					"$(inherited)",
				);
				GCC_WARN_64_TO_32_BIT_CONVERSION = YES;
				GCC_WARN_ABOUT_RETURN_TYPE = YES_ERROR;
				GCC_WARN_UNDECLARED_SELECTOR = YES;
				GCC_WARN_UNINITIALIZED_AUTOS = YES_AGGRESSIVE;
				GCC_WARN_UNUSED_FUNCTION = YES;
				GCC_WARN_UNUSED_VARIABLE = YES;
				IPHONEOS_DEPLOYMENT_TARGET = 16.4;
				MTL_ENABLE_DEBUG_INFO = INCLUDE_SOURCE;
				MTL_FAST_MATH = YES;
				ONLY_ACTIVE_ARCH = YES;
				SDKROOT = iphoneos;
				SWIFT_ACTIVE_COMPILATION_CONDITIONS = DEBUG;
				SWIFT_OPTIMIZATION_LEVEL = "-Onone";
			};
			name = Debug;
		};
		016AAB4C2A85D74600EEFE0F /* Release */ = {
			isa = XCBuildConfiguration;
			buildSettings = {
				ALWAYS_SEARCH_USER_PATHS = NO;
				CLANG_ANALYZER_NONNULL = YES;
				CLANG_ANALYZER_NUMBER_OBJECT_CONVERSION = YES_AGGRESSIVE;
				CLANG_CXX_LANGUAGE_STANDARD = "gnu++20";
				CLANG_ENABLE_MODULES = YES;
				CLANG_ENABLE_OBJC_ARC = YES;
				CLANG_ENABLE_OBJC_WEAK = YES;
				CLANG_WARN_BLOCK_CAPTURE_AUTORELEASING = YES;
				CLANG_WARN_BOOL_CONVERSION = YES;
				CLANG_WARN_COMMA = YES;
				CLANG_WARN_CONSTANT_CONVERSION = YES;
				CLANG_WARN_DEPRECATED_OBJC_IMPLEMENTATIONS = YES;
				CLANG_WARN_DIRECT_OBJC_ISA_USAGE = YES_ERROR;
				CLANG_WARN_DOCUMENTATION_COMMENTS = YES;
				CLANG_WARN_EMPTY_BODY = YES;
				CLANG_WARN_ENUM_CONVERSION = YES;
				CLANG_WARN_INFINITE_RECURSION = YES;
				CLANG_WARN_INT_CONVERSION = YES;
				CLANG_WARN_NON_LITERAL_NULL_CONVERSION = YES;
				CLANG_WARN_OBJC_IMPLICIT_RETAIN_SELF = YES;
				CLANG_WARN_OBJC_LITERAL_CONVERSION = YES;
				CLANG_WARN_OBJC_ROOT_CLASS = YES_ERROR;
				CLANG_WARN_QUOTED_INCLUDE_IN_FRAMEWORK_HEADER = YES;
				CLANG_WARN_RANGE_LOOP_ANALYSIS = YES;
				CLANG_WARN_STRICT_PROTOTYPES = YES;
				CLANG_WARN_SUSPICIOUS_MOVE = YES;
				CLANG_WARN_UNGUARDED_AVAILABILITY = YES_AGGRESSIVE;
				CLANG_WARN_UNREACHABLE_CODE = YES;
				CLANG_WARN__DUPLICATE_METHOD_MATCH = YES;
				COPY_PHASE_STRIP = NO;
				DEBUG_INFORMATION_FORMAT = "dwarf-with-dsym";
				ENABLE_NS_ASSERTIONS = NO;
				ENABLE_STRICT_OBJC_MSGSEND = YES;
				GCC_C_LANGUAGE_STANDARD = gnu11;
				GCC_NO_COMMON_BLOCKS = YES;
				GCC_WARN_64_TO_32_BIT_CONVERSION = YES;
				GCC_WARN_ABOUT_RETURN_TYPE = YES_ERROR;
				GCC_WARN_UNDECLARED_SELECTOR = YES;
				GCC_WARN_UNINITIALIZED_AUTOS = YES_AGGRESSIVE;
				GCC_WARN_UNUSED_FUNCTION = YES;
				GCC_WARN_UNUSED_VARIABLE = YES;
				IPHONEOS_DEPLOYMENT_TARGET = 16.4;
				MTL_ENABLE_DEBUG_INFO = NO;
				MTL_FAST_MATH = YES;
				SDKROOT = iphoneos;
				SWIFT_COMPILATION_MODE = wholemodule;
				SWIFT_OPTIMIZATION_LEVEL = "-O";
				VALIDATE_PRODUCT = YES;
			};
			name = Release;
		};
		016AAB4E2A85D74600EEFE0F /* Debug */ = {
			isa = XCBuildConfiguration;
			buildSettings = {
				ASSETCATALOG_COMPILER_APPICON_NAME = AppIcon;
				ASSETCATALOG_COMPILER_GLOBAL_ACCENT_COLOR_NAME = AccentColor;
				CODE_SIGN_STYLE = Automatic;
				CURRENT_PROJECT_VERSION = 1;
				DEVELOPMENT_TEAM = PTRW36GG78;
				GENERATE_INFOPLIST_FILE = YES;
				INFOPLIST_FILE = "property-list/Info.plist";
				INFOPLIST_KEY_UIApplicationSupportsIndirectInputEvents = YES;
				INFOPLIST_KEY_UILaunchStoryboardName = LaunchScreen;
				INFOPLIST_KEY_UIMainStoryboardFile = Main;
				INFOPLIST_KEY_UISupportedInterfaceOrientations_iPad = "UIInterfaceOrientationPortrait UIInterfaceOrientationPortraitUpsideDown UIInterfaceOrientationLandscapeLeft UIInterfaceOrientationLandscapeRight";
				INFOPLIST_KEY_UISupportedInterfaceOrientations_iPhone = "UIInterfaceOrientationPortrait UIInterfaceOrientationLandscapeLeft UIInterfaceOrientationLandscapeRight";
				LD_RUNPATH_SEARCH_PATHS = (
					"$(inherited)",
					"@executable_path/Frameworks",
				);
				MARKETING_VERSION = 1.0;
				PRODUCT_BUNDLE_IDENTIFIER = "com.Andrew11US.property-list";
				PRODUCT_NAME = "$(TARGET_NAME)";
				SWIFT_EMIT_LOC_STRINGS = YES;
				SWIFT_VERSION = 5.0;
				TARGETED_DEVICE_FAMILY = "1,2";
			};
			name = Debug;
		};
		016AAB4F2A85D74600EEFE0F /* Release */ = {
			isa = XCBuildConfiguration;
			buildSettings = {
				ASSETCATALOG_COMPILER_APPICON_NAME = AppIcon;
				ASSETCATALOG_COMPILER_GLOBAL_ACCENT_COLOR_NAME = AccentColor;
				CODE_SIGN_STYLE = Automatic;
				CURRENT_PROJECT_VERSION = 1;
				DEVELOPMENT_TEAM = PTRW36GG78;
				GENERATE_INFOPLIST_FILE = YES;
				INFOPLIST_FILE = "property-list/Info.plist";
				INFOPLIST_KEY_UIApplicationSupportsIndirectInputEvents = YES;
				INFOPLIST_KEY_UILaunchStoryboardName = LaunchScreen;
				INFOPLIST_KEY_UIMainStoryboardFile = Main;
				INFOPLIST_KEY_UISupportedInterfaceOrientations_iPad = "UIInterfaceOrientationPortrait UIInterfaceOrientationPortraitUpsideDown UIInterfaceOrientationLandscapeLeft UIInterfaceOrientationLandscapeRight";
				INFOPLIST_KEY_UISupportedInterfaceOrientations_iPhone = "UIInterfaceOrientationPortrait UIInterfaceOrientationLandscapeLeft UIInterfaceOrientationLandscapeRight";
				LD_RUNPATH_SEARCH_PATHS = (
					"$(inherited)",
					"@executable_path/Frameworks",
				);
				MARKETING_VERSION = 1.0;
				PRODUCT_BUNDLE_IDENTIFIER = "com.Andrew11US.property-list";
				PRODUCT_NAME = "$(TARGET_NAME)";
				SWIFT_EMIT_LOC_STRINGS = YES;
				SWIFT_VERSION = 5.0;
				TARGETED_DEVICE_FAMILY = "1,2";
			};
			name = Release;
		};
/* End XCBuildConfiguration section */

/* Begin XCConfigurationList section */
		016AAB342A85D74500EEFE0F /* Build configuration list for PBXProject "property-list" */ = {
			isa = XCConfigurationList;
			buildConfigurations = (
				016AAB4B2A85D74600EEFE0F /* Debug */,
				016AAB4C2A85D74600EEFE0F /* Release */,
			);
			defaultConfigurationIsVisible = 0;
			defaultConfigurationName = Release;
		};
		016AAB4D2A85D74600EEFE0F /* Build configuration list for PBXNativeTarget "property-list" */ = {
			isa = XCConfigurationList;
			buildConfigurations = (
				016AAB4E2A85D74600EEFE0F /* Debug */,
				016AAB4F2A85D74600EEFE0F /* Release */,
			);
			defaultConfigurationIsVisible = 0;
			defaultConfigurationName = Release;
		};
/* End XCConfigurationList section */
	};
	rootObject = 016AAB312A85D74500EEFE0F /* Project object */;
}
